
Microsoft Visual Studio Solution File, Format Version 12.00
# Visual Studio Version 16
VisualStudioVersion = 16.0.30907.101
MinimumVisualStudioVersion = 10.0.40219.1
Project("{FAE04EC0-301F-11D3-BF4B-00C04F79EFBC}") = "AntiIniUI", "AntiIniUI\AntiIniUI.csproj", "{972840A3-D24A-4FC8-8EB1-A70105EA8F67}"
EndProject
Global
	GlobalSection(SolutionConfigurationPlatforms) = preSolution
		Debug|Any CPU = Debug|Any CPU
		Release|Any CPU = Release|Any CPU
	EndGlobalSection
	GlobalSection(ProjectConfigurationPlatforms) = postSolution
		{972840A3-D24A-4FC8-8EB1-A70105EA8F67}.Debug|Any CPU.ActiveCfg = Debug|Any CPU
		{972840A3-D24A-4FC8-8EB1-A70105EA8F67}.Debug|Any CPU.Build.0 = Debug|Any CPU
		{972840A3-D24A-4FC8-8EB1-A70105EA8F67}.Release|Any CPU.ActiveCfg = Release|Any CPU
		{972840A3-D24A-4FC8-8EB1-A70105EA8F67}.Release|Any CPU.Build.0 = Release|Any CPU
	EndGlobalSection
	GlobalSection(SolutionProperties) = preSolution
		HideSolutionNode = FALSE
	EndGlobalSection
	GlobalSection(ExtensibilityGlobals) = postSolution
		SolutionGuid = {97FE57C3-335A-4236-9B28-BC2910372B71}
	EndGlobalSection
EndGlobal
